
Microsoft Visual Studio Solution File, Format Version 12.00
# Visual Studio 15
VisualStudioVersion = 15.0.27130.2027
MinimumVisualStudioVersion = 10.0.40219.1
Project("{FAE04EC0-301F-11D3-BF4B-00C04F79EFBC}") = "ServerManager", "ServerManager\ServerManager.csproj", "{7D51F658-52AC-4E96-8D64-37488930D901}"
EndProject
Global
	GlobalSection(SolutionConfigurationPlatforms) = preSolution
		Debug|Any CPU = Debug|Any CPU
		Release|Any CPU = Release|Any CPU
	EndGlobalSection
	GlobalSection(ProjectConfigurationPlatforms) = postSolution
		{7D51F658-52AC-4E96-8D64-37488930D901}.Debug|Any CPU.ActiveCfg = Debug|Any CPU
		{7D51F658-52AC-4E96-8D64-37488930D901}.Debug|Any CPU.Build.0 = Debug|Any CPU
		{7D51F658-52AC-4E96-8D64-37488930D901}.Release|Any CPU.ActiveCfg = Release|Any CPU
		{7D51F658-52AC-4E96-8D64-37488930D901}.Release|Any CPU.Build.0 = Release|Any CPU
	EndGlobalSection
	GlobalSection(SolutionProperties) = preSolution
		HideSolutionNode = FALSE
	EndGlobalSection
	GlobalSection(ExtensibilityGlobals) = postSolution
		SolutionGuid = {D3877883-E718-4889-9494-9D142FAA3D0F}
	EndGlobalSection
EndGlobal
